
Microsoft Visual Studio Solution File, Format Version 12.00
# Visual Studio 15
VisualStudioVersion = 15.0.28307.136
MinimumVisualStudioVersion = 10.0.40219.1
Project("{8BC9CEB8-8B4A-11D0-8D11-00A0C91BC942}") = "C++", "C++\C++.vcxproj", "{86EF419B-67B7-4F37-8223-43C5587DAD6F}"
EndProject
Project("{8BC9CEB8-8B4A-11D0-8D11-00A0C91BC942}") = "Journal 1 - Creating Classes", "Journal 1 - Creating Classes\Journal 1 - Creating Classes.vcxproj", "{0EB57E79-B0FF-4633-8CC7-80296FFEAFED}"
EndProject
Project("{8BC9CEB8-8B4A-11D0-8D11-00A0C91BC942}") = "Assignment 2 - Class Construction", "Assignment 2 - Class Construction\Assignment 2 - Class Construction.vcxproj", "{82FABE38-ED23-40CD-8B07-7CA2E967CEB9}"
EndProject
Project("{8BC9CEB8-8B4A-11D0-8D11-00A0C91BC942}") = "Journal 2 Constructors", "Journal 2 Constructors\Journal 2 Constructors.vcxproj", "{82C01290-FA22-4E54-BDDE-3D55A34A0FE5}"
EndProject
Project("{8BC9CEB8-8B4A-11D0-8D11-00A0C91BC942}") = "Assignment 3 - Overloaded Constructors", "Assignment 3 - Overloaded Constructors\Assignment 3 - Overloaded Constructors.vcxproj", "{E5764707-AD87-4B5D-A280-41C6BF379C76}"
EndProject
Project("{8BC9CEB8-8B4A-11D0-8D11-00A0C91BC942}") = "Assignment 4 Using Complex Types - Vectors", "Assignment 4 Using Complex Types - Vectors\Assignment 4 Using Complex Types - Vectors.vcxproj", "{9818E9EA-48EB-4954-81BB-ECC1789E57C6}"
EndProject
Project("{8BC9CEB8-8B4A-11D0-8D11-00A0C91BC942}") = "Journal 3 - Operator Overloading", "Journal 3 - Operator Overloading\Journal 3 - Operator Overloading.vcxproj", "{6EEE866F-88C8-4FD7-ACF5-1A5F9DEFD1FF}"
EndProject
Project("{8BC9CEB8-8B4A-11D0-8D11-00A0C91BC942}") = "Journal 4 - Friends", "Journal 4 - Friends\Journal 4 - Friends.vcxproj", "{1DFF86FD-9A78-489A-AAB6-699ED912492A}"
EndProject
Project("{8BC9CEB8-8B4A-11D0-8D11-00A0C91BC942}") = "Journal 5 - Dynamic Memory", "Journal 5 - Dynamic Memory\Journal 5 - Dynamic Memory.vcxproj", "{F0E6F278-7474-4ABF-9744-05863EB12CF0}"
EndProject
Project("{8BC9CEB8-8B4A-11D0-8D11-00A0C91BC942}") = "Assignment 5 Operator Overloading", "Assignment 5 Operator Overloading\Assignment 5 Operator Overloading.vcxproj", "{2197FBA5-BC67-4503-AD21-64DAF5F3F7ED}"
EndProject
Global
	GlobalSection(SolutionConfigurationPlatforms) = preSolution
		Debug|x64 = Debug|x64
		Debug|x86 = Debug|x86
		Release|x64 = Release|x64
		Release|x86 = Release|x86
	EndGlobalSection
	GlobalSection(ProjectConfigurationPlatforms) = postSolution
		{86EF419B-67B7-4F37-8223-43C5587DAD6F}.Debug|x64.ActiveCfg = Debug|x64
		{86EF419B-67B7-4F37-8223-43C5587DAD6F}.Debug|x64.Build.0 = Debug|x64
		{86EF419B-67B7-4F37-8223-43C5587DAD6F}.Debug|x86.ActiveCfg = Debug|Win32
		{86EF419B-67B7-4F37-8223-43C5587DAD6F}.Debug|x86.Build.0 = Debug|Win32
		{86EF419B-67B7-4F37-8223-43C5587DAD6F}.Release|x64.ActiveCfg = Release|x64
		{86EF419B-67B7-4F37-8223-43C5587DAD6F}.Release|x64.Build.0 = Release|x64
		{86EF419B-67B7-4F37-8223-43C5587DAD6F}.Release|x86.ActiveCfg = Release|Win32
		{86EF419B-67B7-4F37-8223-43C5587DAD6F}.Release|x86.Build.0 = Release|Win32
		{0EB57E79-B0FF-4633-8CC7-80296FFEAFED}.Debug|x64.ActiveCfg = Debug|x64
		{0EB57E79-B0FF-4633-8CC7-80296FFEAFED}.Debug|x64.Build.0 = Debug|x64
		{0EB57E79-B0FF-4633-8CC7-80296FFEAFED}.Debug|x86.ActiveCfg = Debug|Win32
		{0EB57E79-B0FF-4633-8CC7-80296FFEAFED}.Debug|x86.Build.0 = Debug|Win32
		{0EB57E79-B0FF-4633-8CC7-80296FFEAFED}.Release|x64.ActiveCfg = Release|x64
		{0EB57E79-B0FF-4633-8CC7-80296FFEAFED}.Release|x64.Build.0 = Release|x64
		{0EB57E79-B0FF-4633-8CC7-80296FFEAFED}.Release|x86.ActiveCfg = Release|Win32
		{0EB57E79-B0FF-4633-8CC7-80296FFEAFED}.Release|x86.Build.0 = Release|Win32
		{82FABE38-ED23-40CD-8B07-7CA2E967CEB9}.Debug|x64.ActiveCfg = Debug|x64
		{82FABE38-ED23-40CD-8B07-7CA2E967CEB9}.Debug|x64.Build.0 = Debug|x64
		{82FABE38-ED23-40CD-8B07-7CA2E967CEB9}.Debug|x86.ActiveCfg = Debug|Win32
		{82FABE38-ED23-40CD-8B07-7CA2E967CEB9}.Debug|x86.Build.0 = Debug|Win32
		{82FABE38-ED23-40CD-8B07-7CA2E967CEB9}.Release|x64.ActiveCfg = Release|x64
		{82FABE38-ED23-40CD-8B07-7CA2E967CEB9}.Release|x64.Build.0 = Release|x64
		{82FABE38-ED23-40CD-8B07-7CA2E967CEB9}.Release|x86.ActiveCfg = Release|Win32
		{82FABE38-ED23-40CD-8B07-7CA2E967CEB9}.Release|x86.Build.0 = Release|Win32
		{82C01290-FA22-4E54-BDDE-3D55A34A0FE5}.Debug|x64.ActiveCfg = Debug|x64
		{82C01290-FA22-4E54-BDDE-3D55A34A0FE5}.Debug|x64.Build.0 = Debug|x64
		{82C01290-FA22-4E54-BDDE-3D55A34A0FE5}.Debug|x86.ActiveCfg = Debug|Win32
		{82C01290-FA22-4E54-BDDE-3D55A34A0FE5}.Debug|x86.Build.0 = Debug|Win32
		{82C01290-FA22-4E54-BDDE-3D55A34A0FE5}.Release|x64.ActiveCfg = Release|x64
		{82C01290-FA22-4E54-BDDE-3D55A34A0FE5}.Release|x64.Build.0 = Release|x64
		{82C01290-FA22-4E54-BDDE-3D55A34A0FE5}.Release|x86.ActiveCfg = Release|Win32
		{82C01290-FA22-4E54-BDDE-3D55A34A0FE5}.Release|x86.Build.0 = Release|Win32
		{E5764707-AD87-4B5D-A280-41C6BF379C76}.Debug|x64.ActiveCfg = Debug|x64
		{E5764707-AD87-4B5D-A280-41C6BF379C76}.Debug|x64.Build.0 = Debug|x64
		{E5764707-AD87-4B5D-A280-41C6BF379C76}.Debug|x86.ActiveCfg = Debug|Win32
		{E5764707-AD87-4B5D-A280-41C6BF379C76}.Debug|x86.Build.0 = Debug|Win32
		{E5764707-AD87-4B5D-A280-41C6BF379C76}.Release|x64.ActiveCfg = Release|x64
		{E5764707-AD87-4B5D-A280-41C6BF379C76}.Release|x64.Build.0 = Release|x64
		{E5764707-AD87-4B5D-A280-41C6BF379C76}.Release|x86.ActiveCfg = Release|Win32
		{E5764707-AD87-4B5D-A280-41C6BF379C76}.Release|x86.Build.0 = Release|Win32
		{9818E9EA-48EB-4954-81BB-ECC1789E57C6}.Debug|x64.ActiveCfg = Debug|x64
		{9818E9EA-48EB-4954-81BB-ECC1789E57C6}.Debug|x64.Build.0 = Debug|x64
		{9818E9EA-48EB-4954-81BB-ECC1789E57C6}.Debug|x86.ActiveCfg = Debug|Win32
		{9818E9EA-48EB-4954-81BB-ECC1789E57C6}.Debug|x86.Build.0 = Debug|Win32
		{9818E9EA-48EB-4954-81BB-ECC1789E57C6}.Release|x64.ActiveCfg = Release|x64
		{9818E9EA-48EB-4954-81BB-ECC1789E57C6}.Release|x64.Build.0 = Release|x64
		{9818E9EA-48EB-4954-81BB-ECC1789E57C6}.Release|x86.ActiveCfg = Release|Win32
		{9818E9EA-48EB-4954-81BB-ECC1789E57C6}.Release|x86.Build.0 = Release|Win32
		{6EEE866F-88C8-4FD7-ACF5-1A5F9DEFD1FF}.Debug|x64.ActiveCfg = Debug|x64
		{6EEE866F-88C8-4FD7-ACF5-1A5F9DEFD1FF}.Debug|x64.Build.0 = Debug|x64
		{6EEE866F-88C8-4FD7-ACF5-1A5F9DEFD1FF}.Debug|x86.ActiveCfg = Debug|Win32
		{6EEE866F-88C8-4FD7-ACF5-1A5F9DEFD1FF}.Debug|x86.Build.0 = Debug|Win32
		{6EEE866F-88C8-4FD7-ACF5-1A5F9DEFD1FF}.Release|x64.ActiveCfg = Release|x64
		{6EEE866F-88C8-4FD7-ACF5-1A5F9DEFD1FF}.Release|x64.Build.0 = Release|x64
		{6EEE866F-88C8-4FD7-ACF5-1A5F9DEFD1FF}.Release|x86.ActiveCfg = Release|Win32
		{6EEE866F-88C8-4FD7-ACF5-1A5F9DEFD1FF}.Release|x86.Build.0 = Release|Win32
		{1DFF86FD-9A78-489A-AAB6-699ED912492A}.Debug|x64.ActiveCfg = Debug|x64
		{1DFF86FD-9A78-489A-AAB6-699ED912492A}.Debug|x64.Build.0 = Debug|x64
		{1DFF86FD-9A78-489A-AAB6-699ED912492A}.Debug|x86.ActiveCfg = Debug|Win32
		{1DFF86FD-9A78-489A-AAB6-699ED912492A}.Debug|x86.Build.0 = Debug|Win32
		{1DFF86FD-9A78-489A-AAB6-699ED912492A}.Release|x64.ActiveCfg = Release|x64
		{1DFF86FD-9A78-489A-AAB6-699ED912492A}.Release|x64.Build.0 = Release|x64
		{1DFF86FD-9A78-489A-AAB6-699ED912492A}.Release|x86.ActiveCfg = Release|Win32
		{1DFF86FD-9A78-489A-AAB6-699ED912492A}.Release|x86.Build.0 = Release|Win32
		{F0E6F278-7474-4ABF-9744-05863EB12CF0}.Debug|x64.ActiveCfg = Debug|x64
		{F0E6F278-7474-4ABF-9744-05863EB12CF0}.Debug|x64.Build.0 = Debug|x64
		{F0E6F278-7474-4ABF-9744-05863EB12CF0}.Debug|x86.ActiveCfg = Debug|Win32
		{F0E6F278-7474-4ABF-9744-05863EB12CF0}.Debug|x86.Build.0 = Debug|Win32
		{F0E6F278-7474-4ABF-9744-05863EB12CF0}.Release|x64.ActiveCfg = Release|x64
		{F0E6F278-7474-4ABF-9744-05863EB12CF0}.Release|x64.Build.0 = Release|x64
		{F0E6F278-7474-4ABF-9744-05863EB12CF0}.Release|x86.ActiveCfg = Release|Win32
		{F0E6F278-7474-4ABF-9744-05863EB12CF0}.Release|x86.Build.0 = Release|Win32
		{2197FBA5-BC67-4503-AD21-64DAF5F3F7ED}.Debug|x64.ActiveCfg = Debug|x64
		{2197FBA5-BC67-4503-AD21-64DAF5F3F7ED}.Debug|x64.Build.0 = Debug|x64
		{2197FBA5-BC67-4503-AD21-64DAF5F3F7ED}.Debug|x86.ActiveCfg = Debug|Win32
		{2197FBA5-BC67-4503-AD21-64DAF5F3F7ED}.Debug|x86.Build.0 = Debug|Win32
		{2197FBA5-BC67-4503-AD21-64DAF5F3F7ED}.Release|x64.ActiveCfg = Release|x64
		{2197FBA5-BC67-4503-AD21-64DAF5F3F7ED}.Release|x64.Build.0 = Release|x64
		{2197FBA5-BC67-4503-AD21-64DAF5F3F7ED}.Release|x86.ActiveCfg = Release|Win32
		{2197FBA5-BC67-4503-AD21-64DAF5F3F7ED}.Release|x86.Build.0 = Release|Win32
	EndGlobalSection
	GlobalSection(SolutionProperties) = preSolution
		HideSolutionNode = FALSE
	EndGlobalSection
	GlobalSection(ExtensibilityGlobals) = postSolution
		SolutionGuid = {E96D6AC3-177A-4D30-ACE8-73439AE412D6}
	EndGlobalSection
EndGlobal
