
Microsoft Visual Studio Solution File, Format Version 12.00
# Visual Studio 15
VisualStudioVersion = 15.0.28307.136
MinimumVisualStudioVersion = 10.0.40219.1
Project("{8BC9CEB8-8B4A-11D0-8D11-00A0C91BC942}") = "C++", "C++\C++.vcxproj", "{86EF419B-67B7-4F37-8223-43C5587DAD6F}"
EndProject
Project("{8BC9CEB8-8B4A-11D0-8D11-00A0C91BC942}") = "Journal 1 - Creating Classes", "Journal 1 - Creating Classes\Journal 1 - Creating Classes.vcxproj", "{0EB57E79-B0FF-4633-8CC7-80296FFEAFED}"
EndProject
Project("{8BC9CEB8-8B4A-11D0-8D11-00A0C91BC942}") = "Assignment 2 - Class Construction", "Assignment 2 - Class Construction\Assignment 2 - Class Construction.vcxproj", "{82FABE38-ED23-40CD-8B07-7CA2E967CEB9}"
EndProject
Project("{8BC9CEB8-8B4A-11D0-8D11-00A0C91BC942}") = "Journal 2 Constructors", "Journal 2 Constructors\Journal 2 Constructors.vcxproj", "{82C01290-FA22-4E54-BDDE-3D55A34A0FE5}"
EndProject
Project("{8BC9CEB8-8B4A-11D0-8D11-00A0C91BC942}") = "Assignment 3 - Overloaded Constructors", "Assignment 3 - Overloaded Constructors\Assignment 3 - Overloaded Constructors.vcxproj", "{E5764707-AD87-4B5D-A280-41C6BF379C76}"
EndProject
Project("{8BC9CEB8-8B4A-11D0-8D11-00A0C91BC942}") = "Assignment 4 Using Complex Types - Vectors", "Assignment 4 Using Complex Types - Vectors\Assignment 4 Using Complex Types - Vectors.vcxproj", "{9818E9EA-48EB-4954-81BB-ECC1789E57C6}"
EndProject
Project("{8BC9CEB8-8B4A-11D0-8D11-00A0C91BC942}") = "Journal 3 - Operator Overloading", "Journal 3 - Operator Overloading\Journal 3 - Operator Overloading.vcxproj", "{6EEE866F-88C8-4FD7-ACF5-1A5F9DEFD1FF}"
EndProject
Project("{8BC9CEB8-8B4A-11D0-8D11-00A0C91BC942}") = "Journal 4 - Friends", "Journal 4 - Friends\Journal 4 - Friends.vcxproj", "{1DFF86FD-9A78-489A-AAB6-699ED912492A}"
EndProject
Project("{8BC9CEB8-8B4A-11D0-8D11-00A0C91BC942}") = "Journal 5 - Dynamic Memory", "Journal 5 - Dynamic Memory\Journal 5 - Dynamic Memory.vcxproj", "{F0E6F278-7474-4ABF-9744-05863EB12CF0}"
EndProject
Project("{8BC9CEB8-8B4A-11D0-8D11-00A0C91BC942}") = "Assignment 5 Operator Overloading", "Assignment 5 Operator Overloading\Assignment 5 Operator Overloading.vcxproj", "{2197FBA5-BC67-4503-AD21-64DAF5F3F7ED}"
EndProject
Project("{8BC9CEB8-8B4A-11D0-8D11-00A0C91BC942}") = "Journal 6 - Static Members", "Journal 6 - Static Members\Journal 6 - Static Members.vcxproj", "{B294C7B1-F239-4D8B-8030-8EB19B1165D9}"
EndProject
Project("{8BC9CEB8-8B4A-11D0-8D11-00A0C91BC942}") = "Assignment 6 - More Complex Types", "Assignment 6 - More Complex Types\Assignment 6 - More Complex Types.vcxproj", "{D359F91B-4D26-43FB-B7DC-F8394225863A}"
EndProject
Project("{8BC9CEB8-8B4A-11D0-8D11-00A0C91BC942}") = "Assignment 7 Dynamic Memory", "Assignment 7 Dynamic Memory\Assignment 7 Dynamic Memory.vcxproj", "{4C53D75F-823B-49AD-B8ED-158D51BA5608}"
EndProject
Project("{8BC9CEB8-8B4A-11D0-8D11-00A0C91BC942}") = "Assignment 8 Namespaces, Static Variables", "Assignment 8 Namespaces, Static Variables\Assignment 8 Namespaces, Static Variables.vcxproj", "{0C7E859F-DB8C-4317-9AFE-EFE595C0026B}"
EndProject
Project("{8BC9CEB8-8B4A-11D0-8D11-00A0C91BC942}") = "Midterm", "Midterm\Midterm.vcxproj", "{3CA240AD-96B5-4B26-9A31-3408D3F0C030}"
EndProject
Project("{8BC9CEB8-8B4A-11D0-8D11-00A0C91BC942}") = "Assignment  9 File IO", "Assignment  9 File IO\Assignment  9 File IO.vcxproj", "{3C414750-AC69-4C60-B237-857C14B91002}"
EndProject
Project("{8BC9CEB8-8B4A-11D0-8D11-00A0C91BC942}") = "Assignment 10  Recursion", "Assignment 10  Recursion\Assignment 10  Recursion.vcxproj", "{DF2478E3-A1D2-48DC-8655-94F475FECBD8}"
EndProject
Project("{8BC9CEB8-8B4A-11D0-8D11-00A0C91BC942}") = "Assignment 11  Inheritance", "Assignment 11  Inheritance\Assignment 11  Inheritance.vcxproj", "{92D8B35D-6E8C-418A-A373-717FC5DB52D2}"
EndProject
Project("{8BC9CEB8-8B4A-11D0-8D11-00A0C91BC942}") = "Assignment 12 - Polymorphism", "Assignment 12 - Polymorphism\Assignment 12 - Polymorphism.vcxproj", "{315E65C2-1F4F-4E99-80FE-5B1B82C059C8}"
EndProject
Project("{8BC9CEB8-8B4A-11D0-8D11-00A0C91BC942}") = "Journal 9 - Inhertitance and Polymorphism", "Journal 9 - Inhertitance and Polymorphism\Journal 9 - Inhertitance and Polymorphism.vcxproj", "{2057DC5B-0E89-4592-8EB7-4D260CD210CD}"
EndProject
Project("{8BC9CEB8-8B4A-11D0-8D11-00A0C91BC942}") = "Journal 7 - File IO", "Journal 7 - File IO\Journal 7 - File IO.vcxproj", "{2DAEF5F2-9704-4415-B676-D5D57BA2F3B1}"
EndProject
Project("{8BC9CEB8-8B4A-11D0-8D11-00A0C91BC942}") = "Assignment 13 - Exceptions", "Assignment 13 - Exceptions\Assignment 13 - Exceptions.vcxproj", "{A92A6F56-26FD-4112-8F89-24721F9136CD}"
EndProject
Project("{8BC9CEB8-8B4A-11D0-8D11-00A0C91BC942}") = "Assignment 14 - Templates", "Assignment 14 - Templates\Assignment 14 - Templates.vcxproj", "{A0C5AA2E-C2DC-4D48-BBC4-C345A0AB4F94}"
EndProject
Project("{8BC9CEB8-8B4A-11D0-8D11-00A0C91BC942}") = "Assignment 15 - Using the STL", "Assignment 15 - Using the STL\Assignment 15 - Using the STL.vcxproj", "{09D7DF8F-E947-472C-922B-9B86327941A5}"
EndProject
Global
	GlobalSection(SolutionConfigurationPlatforms) = preSolution
		Debug|x64 = Debug|x64
		Debug|x86 = Debug|x86
		Release|x64 = Release|x64
		Release|x86 = Release|x86
	EndGlobalSection
	GlobalSection(ProjectConfigurationPlatforms) = postSolution
		{86EF419B-67B7-4F37-8223-43C5587DAD6F}.Debug|x64.ActiveCfg = Debug|x64
		{86EF419B-67B7-4F37-8223-43C5587DAD6F}.Debug|x64.Build.0 = Debug|x64
		{86EF419B-67B7-4F37-8223-43C5587DAD6F}.Debug|x86.ActiveCfg = Debug|Win32
		{86EF419B-67B7-4F37-8223-43C5587DAD6F}.Debug|x86.Build.0 = Debug|Win32
		{86EF419B-67B7-4F37-8223-43C5587DAD6F}.Release|x64.ActiveCfg = Release|x64
		{86EF419B-67B7-4F37-8223-43C5587DAD6F}.Release|x64.Build.0 = Release|x64
		{86EF419B-67B7-4F37-8223-43C5587DAD6F}.Release|x86.ActiveCfg = Release|Win32
		{86EF419B-67B7-4F37-8223-43C5587DAD6F}.Release|x86.Build.0 = Release|Win32
		{0EB57E79-B0FF-4633-8CC7-80296FFEAFED}.Debug|x64.ActiveCfg = Debug|x64
		{0EB57E79-B0FF-4633-8CC7-80296FFEAFED}.Debug|x64.Build.0 = Debug|x64
		{0EB57E79-B0FF-4633-8CC7-80296FFEAFED}.Debug|x86.ActiveCfg = Debug|Win32
		{0EB57E79-B0FF-4633-8CC7-80296FFEAFED}.Debug|x86.Build.0 = Debug|Win32
		{0EB57E79-B0FF-4633-8CC7-80296FFEAFED}.Release|x64.ActiveCfg = Release|x64
		{0EB57E79-B0FF-4633-8CC7-80296FFEAFED}.Release|x64.Build.0 = Release|x64
		{0EB57E79-B0FF-4633-8CC7-80296FFEAFED}.Release|x86.ActiveCfg = Release|Win32
		{0EB57E79-B0FF-4633-8CC7-80296FFEAFED}.Release|x86.Build.0 = Release|Win32
		{82FABE38-ED23-40CD-8B07-7CA2E967CEB9}.Debug|x64.ActiveCfg = Debug|x64
		{82FABE38-ED23-40CD-8B07-7CA2E967CEB9}.Debug|x64.Build.0 = Debug|x64
		{82FABE38-ED23-40CD-8B07-7CA2E967CEB9}.Debug|x86.ActiveCfg = Debug|Win32
		{82FABE38-ED23-40CD-8B07-7CA2E967CEB9}.Debug|x86.Build.0 = Debug|Win32
		{82FABE38-ED23-40CD-8B07-7CA2E967CEB9}.Release|x64.ActiveCfg = Release|x64
		{82FABE38-ED23-40CD-8B07-7CA2E967CEB9}.Release|x64.Build.0 = Release|x64
		{82FABE38-ED23-40CD-8B07-7CA2E967CEB9}.Release|x86.ActiveCfg = Release|Win32
		{82FABE38-ED23-40CD-8B07-7CA2E967CEB9}.Release|x86.Build.0 = Release|Win32
		{82C01290-FA22-4E54-BDDE-3D55A34A0FE5}.Debug|x64.ActiveCfg = Debug|x64
		{82C01290-FA22-4E54-BDDE-3D55A34A0FE5}.Debug|x64.Build.0 = Debug|x64
		{82C01290-FA22-4E54-BDDE-3D55A34A0FE5}.Debug|x86.ActiveCfg = Debug|Win32
		{82C01290-FA22-4E54-BDDE-3D55A34A0FE5}.Debug|x86.Build.0 = Debug|Win32
		{82C01290-FA22-4E54-BDDE-3D55A34A0FE5}.Release|x64.ActiveCfg = Release|x64
		{82C01290-FA22-4E54-BDDE-3D55A34A0FE5}.Release|x64.Build.0 = Release|x64
		{82C01290-FA22-4E54-BDDE-3D55A34A0FE5}.Release|x86.ActiveCfg = Release|Win32
		{82C01290-FA22-4E54-BDDE-3D55A34A0FE5}.Release|x86.Build.0 = Release|Win32
		{E5764707-AD87-4B5D-A280-41C6BF379C76}.Debug|x64.ActiveCfg = Debug|x64
		{E5764707-AD87-4B5D-A280-41C6BF379C76}.Debug|x64.Build.0 = Debug|x64
		{E5764707-AD87-4B5D-A280-41C6BF379C76}.Debug|x86.ActiveCfg = Debug|Win32
		{E5764707-AD87-4B5D-A280-41C6BF379C76}.Debug|x86.Build.0 = Debug|Win32
		{E5764707-AD87-4B5D-A280-41C6BF379C76}.Release|x64.ActiveCfg = Release|x64
		{E5764707-AD87-4B5D-A280-41C6BF379C76}.Release|x64.Build.0 = Release|x64
		{E5764707-AD87-4B5D-A280-41C6BF379C76}.Release|x86.ActiveCfg = Release|Win32
		{E5764707-AD87-4B5D-A280-41C6BF379C76}.Release|x86.Build.0 = Release|Win32
		{9818E9EA-48EB-4954-81BB-ECC1789E57C6}.Debug|x64.ActiveCfg = Debug|x64
		{9818E9EA-48EB-4954-81BB-ECC1789E57C6}.Debug|x64.Build.0 = Debug|x64
		{9818E9EA-48EB-4954-81BB-ECC1789E57C6}.Debug|x86.ActiveCfg = Debug|Win32
		{9818E9EA-48EB-4954-81BB-ECC1789E57C6}.Debug|x86.Build.0 = Debug|Win32
		{9818E9EA-48EB-4954-81BB-ECC1789E57C6}.Release|x64.ActiveCfg = Release|x64
		{9818E9EA-48EB-4954-81BB-ECC1789E57C6}.Release|x64.Build.0 = Release|x64
		{9818E9EA-48EB-4954-81BB-ECC1789E57C6}.Release|x86.ActiveCfg = Release|Win32
		{9818E9EA-48EB-4954-81BB-ECC1789E57C6}.Release|x86.Build.0 = Release|Win32
		{6EEE866F-88C8-4FD7-ACF5-1A5F9DEFD1FF}.Debug|x64.ActiveCfg = Debug|x64
		{6EEE866F-88C8-4FD7-ACF5-1A5F9DEFD1FF}.Debug|x64.Build.0 = Debug|x64
		{6EEE866F-88C8-4FD7-ACF5-1A5F9DEFD1FF}.Debug|x86.ActiveCfg = Debug|Win32
		{6EEE866F-88C8-4FD7-ACF5-1A5F9DEFD1FF}.Debug|x86.Build.0 = Debug|Win32
		{6EEE866F-88C8-4FD7-ACF5-1A5F9DEFD1FF}.Release|x64.ActiveCfg = Release|x64
		{6EEE866F-88C8-4FD7-ACF5-1A5F9DEFD1FF}.Release|x64.Build.0 = Release|x64
		{6EEE866F-88C8-4FD7-ACF5-1A5F9DEFD1FF}.Release|x86.ActiveCfg = Release|Win32
		{6EEE866F-88C8-4FD7-ACF5-1A5F9DEFD1FF}.Release|x86.Build.0 = Release|Win32
		{1DFF86FD-9A78-489A-AAB6-699ED912492A}.Debug|x64.ActiveCfg = Debug|x64
		{1DFF86FD-9A78-489A-AAB6-699ED912492A}.Debug|x64.Build.0 = Debug|x64
		{1DFF86FD-9A78-489A-AAB6-699ED912492A}.Debug|x86.ActiveCfg = Debug|Win32
		{1DFF86FD-9A78-489A-AAB6-699ED912492A}.Debug|x86.Build.0 = Debug|Win32
		{1DFF86FD-9A78-489A-AAB6-699ED912492A}.Release|x64.ActiveCfg = Release|x64
		{1DFF86FD-9A78-489A-AAB6-699ED912492A}.Release|x64.Build.0 = Release|x64
		{1DFF86FD-9A78-489A-AAB6-699ED912492A}.Release|x86.ActiveCfg = Release|Win32
		{1DFF86FD-9A78-489A-AAB6-699ED912492A}.Release|x86.Build.0 = Release|Win32
		{F0E6F278-7474-4ABF-9744-05863EB12CF0}.Debug|x64.ActiveCfg = Debug|x64
		{F0E6F278-7474-4ABF-9744-05863EB12CF0}.Debug|x64.Build.0 = Debug|x64
		{F0E6F278-7474-4ABF-9744-05863EB12CF0}.Debug|x86.ActiveCfg = Debug|Win32
		{F0E6F278-7474-4ABF-9744-05863EB12CF0}.Debug|x86.Build.0 = Debug|Win32
		{F0E6F278-7474-4ABF-9744-05863EB12CF0}.Release|x64.ActiveCfg = Release|x64
		{F0E6F278-7474-4ABF-9744-05863EB12CF0}.Release|x64.Build.0 = Release|x64
		{F0E6F278-7474-4ABF-9744-05863EB12CF0}.Release|x86.ActiveCfg = Release|Win32
		{F0E6F278-7474-4ABF-9744-05863EB12CF0}.Release|x86.Build.0 = Release|Win32
		{2197FBA5-BC67-4503-AD21-64DAF5F3F7ED}.Debug|x64.ActiveCfg = Debug|x64
		{2197FBA5-BC67-4503-AD21-64DAF5F3F7ED}.Debug|x64.Build.0 = Debug|x64
		{2197FBA5-BC67-4503-AD21-64DAF5F3F7ED}.Debug|x86.ActiveCfg = Debug|Win32
		{2197FBA5-BC67-4503-AD21-64DAF5F3F7ED}.Debug|x86.Build.0 = Debug|Win32
		{2197FBA5-BC67-4503-AD21-64DAF5F3F7ED}.Release|x64.ActiveCfg = Release|x64
		{2197FBA5-BC67-4503-AD21-64DAF5F3F7ED}.Release|x64.Build.0 = Release|x64
		{2197FBA5-BC67-4503-AD21-64DAF5F3F7ED}.Release|x86.ActiveCfg = Release|Win32
		{2197FBA5-BC67-4503-AD21-64DAF5F3F7ED}.Release|x86.Build.0 = Release|Win32
		{B294C7B1-F239-4D8B-8030-8EB19B1165D9}.Debug|x64.ActiveCfg = Debug|x64
		{B294C7B1-F239-4D8B-8030-8EB19B1165D9}.Debug|x64.Build.0 = Debug|x64
		{B294C7B1-F239-4D8B-8030-8EB19B1165D9}.Debug|x86.ActiveCfg = Debug|Win32
		{B294C7B1-F239-4D8B-8030-8EB19B1165D9}.Debug|x86.Build.0 = Debug|Win32
		{B294C7B1-F239-4D8B-8030-8EB19B1165D9}.Release|x64.ActiveCfg = Release|x64
		{B294C7B1-F239-4D8B-8030-8EB19B1165D9}.Release|x64.Build.0 = Release|x64
		{B294C7B1-F239-4D8B-8030-8EB19B1165D9}.Release|x86.ActiveCfg = Release|Win32
		{B294C7B1-F239-4D8B-8030-8EB19B1165D9}.Release|x86.Build.0 = Release|Win32
		{D359F91B-4D26-43FB-B7DC-F8394225863A}.Debug|x64.ActiveCfg = Debug|x64
		{D359F91B-4D26-43FB-B7DC-F8394225863A}.Debug|x64.Build.0 = Debug|x64
		{D359F91B-4D26-43FB-B7DC-F8394225863A}.Debug|x86.ActiveCfg = Debug|Win32
		{D359F91B-4D26-43FB-B7DC-F8394225863A}.Debug|x86.Build.0 = Debug|Win32
		{D359F91B-4D26-43FB-B7DC-F8394225863A}.Release|x64.ActiveCfg = Release|x64
		{D359F91B-4D26-43FB-B7DC-F8394225863A}.Release|x64.Build.0 = Release|x64
		{D359F91B-4D26-43FB-B7DC-F8394225863A}.Release|x86.ActiveCfg = Release|Win32
		{D359F91B-4D26-43FB-B7DC-F8394225863A}.Release|x86.Build.0 = Release|Win32
		{4C53D75F-823B-49AD-B8ED-158D51BA5608}.Debug|x64.ActiveCfg = Debug|x64
		{4C53D75F-823B-49AD-B8ED-158D51BA5608}.Debug|x64.Build.0 = Debug|x64
		{4C53D75F-823B-49AD-B8ED-158D51BA5608}.Debug|x86.ActiveCfg = Debug|Win32
		{4C53D75F-823B-49AD-B8ED-158D51BA5608}.Debug|x86.Build.0 = Debug|Win32
		{4C53D75F-823B-49AD-B8ED-158D51BA5608}.Release|x64.ActiveCfg = Release|x64
		{4C53D75F-823B-49AD-B8ED-158D51BA5608}.Release|x64.Build.0 = Release|x64
		{4C53D75F-823B-49AD-B8ED-158D51BA5608}.Release|x86.ActiveCfg = Release|Win32
		{4C53D75F-823B-49AD-B8ED-158D51BA5608}.Release|x86.Build.0 = Release|Win32
		{0C7E859F-DB8C-4317-9AFE-EFE595C0026B}.Debug|x64.ActiveCfg = Debug|x64
		{0C7E859F-DB8C-4317-9AFE-EFE595C0026B}.Debug|x64.Build.0 = Debug|x64
		{0C7E859F-DB8C-4317-9AFE-EFE595C0026B}.Debug|x86.ActiveCfg = Debug|Win32
		{0C7E859F-DB8C-4317-9AFE-EFE595C0026B}.Debug|x86.Build.0 = Debug|Win32
		{0C7E859F-DB8C-4317-9AFE-EFE595C0026B}.Release|x64.ActiveCfg = Release|x64
		{0C7E859F-DB8C-4317-9AFE-EFE595C0026B}.Release|x64.Build.0 = Release|x64
		{0C7E859F-DB8C-4317-9AFE-EFE595C0026B}.Release|x86.ActiveCfg = Release|Win32
		{0C7E859F-DB8C-4317-9AFE-EFE595C0026B}.Release|x86.Build.0 = Release|Win32
		{3CA240AD-96B5-4B26-9A31-3408D3F0C030}.Debug|x64.ActiveCfg = Debug|x64
		{3CA240AD-96B5-4B26-9A31-3408D3F0C030}.Debug|x64.Build.0 = Debug|x64
		{3CA240AD-96B5-4B26-9A31-3408D3F0C030}.Debug|x86.ActiveCfg = Debug|Win32
		{3CA240AD-96B5-4B26-9A31-3408D3F0C030}.Debug|x86.Build.0 = Debug|Win32
		{3CA240AD-96B5-4B26-9A31-3408D3F0C030}.Release|x64.ActiveCfg = Release|x64
		{3CA240AD-96B5-4B26-9A31-3408D3F0C030}.Release|x64.Build.0 = Release|x64
		{3CA240AD-96B5-4B26-9A31-3408D3F0C030}.Release|x86.ActiveCfg = Release|Win32
		{3CA240AD-96B5-4B26-9A31-3408D3F0C030}.Release|x86.Build.0 = Release|Win32
		{3C414750-AC69-4C60-B237-857C14B91002}.Debug|x64.ActiveCfg = Debug|x64
		{3C414750-AC69-4C60-B237-857C14B91002}.Debug|x64.Build.0 = Debug|x64
		{3C414750-AC69-4C60-B237-857C14B91002}.Debug|x86.ActiveCfg = Debug|Win32
		{3C414750-AC69-4C60-B237-857C14B91002}.Debug|x86.Build.0 = Debug|Win32
		{3C414750-AC69-4C60-B237-857C14B91002}.Release|x64.ActiveCfg = Release|x64
		{3C414750-AC69-4C60-B237-857C14B91002}.Release|x64.Build.0 = Release|x64
		{3C414750-AC69-4C60-B237-857C14B91002}.Release|x86.ActiveCfg = Release|Win32
		{3C414750-AC69-4C60-B237-857C14B91002}.Release|x86.Build.0 = Release|Win32
		{DF2478E3-A1D2-48DC-8655-94F475FECBD8}.Debug|x64.ActiveCfg = Debug|x64
		{DF2478E3-A1D2-48DC-8655-94F475FECBD8}.Debug|x64.Build.0 = Debug|x64
		{DF2478E3-A1D2-48DC-8655-94F475FECBD8}.Debug|x86.ActiveCfg = Debug|Win32
		{DF2478E3-A1D2-48DC-8655-94F475FECBD8}.Debug|x86.Build.0 = Debug|Win32
		{DF2478E3-A1D2-48DC-8655-94F475FECBD8}.Release|x64.ActiveCfg = Release|x64
		{DF2478E3-A1D2-48DC-8655-94F475FECBD8}.Release|x64.Build.0 = Release|x64
		{DF2478E3-A1D2-48DC-8655-94F475FECBD8}.Release|x86.ActiveCfg = Release|Win32
		{DF2478E3-A1D2-48DC-8655-94F475FECBD8}.Release|x86.Build.0 = Release|Win32
		{92D8B35D-6E8C-418A-A373-717FC5DB52D2}.Debug|x64.ActiveCfg = Debug|x64
		{92D8B35D-6E8C-418A-A373-717FC5DB52D2}.Debug|x64.Build.0 = Debug|x64
		{92D8B35D-6E8C-418A-A373-717FC5DB52D2}.Debug|x86.ActiveCfg = Debug|Win32
		{92D8B35D-6E8C-418A-A373-717FC5DB52D2}.Debug|x86.Build.0 = Debug|Win32
		{92D8B35D-6E8C-418A-A373-717FC5DB52D2}.Release|x64.ActiveCfg = Release|x64
		{92D8B35D-6E8C-418A-A373-717FC5DB52D2}.Release|x64.Build.0 = Release|x64
		{92D8B35D-6E8C-418A-A373-717FC5DB52D2}.Release|x86.ActiveCfg = Release|Win32
		{92D8B35D-6E8C-418A-A373-717FC5DB52D2}.Release|x86.Build.0 = Release|Win32
		{315E65C2-1F4F-4E99-80FE-5B1B82C059C8}.Debug|x64.ActiveCfg = Debug|x64
		{315E65C2-1F4F-4E99-80FE-5B1B82C059C8}.Debug|x64.Build.0 = Debug|x64
		{315E65C2-1F4F-4E99-80FE-5B1B82C059C8}.Debug|x86.ActiveCfg = Debug|Win32
		{315E65C2-1F4F-4E99-80FE-5B1B82C059C8}.Debug|x86.Build.0 = Debug|Win32
		{315E65C2-1F4F-4E99-80FE-5B1B82C059C8}.Release|x64.ActiveCfg = Release|x64
		{315E65C2-1F4F-4E99-80FE-5B1B82C059C8}.Release|x64.Build.0 = Release|x64
		{315E65C2-1F4F-4E99-80FE-5B1B82C059C8}.Release|x86.ActiveCfg = Release|Win32
		{315E65C2-1F4F-4E99-80FE-5B1B82C059C8}.Release|x86.Build.0 = Release|Win32
		{2057DC5B-0E89-4592-8EB7-4D260CD210CD}.Debug|x64.ActiveCfg = Debug|x64
		{2057DC5B-0E89-4592-8EB7-4D260CD210CD}.Debug|x64.Build.0 = Debug|x64
		{2057DC5B-0E89-4592-8EB7-4D260CD210CD}.Debug|x86.ActiveCfg = Debug|Win32
		{2057DC5B-0E89-4592-8EB7-4D260CD210CD}.Debug|x86.Build.0 = Debug|Win32
		{2057DC5B-0E89-4592-8EB7-4D260CD210CD}.Release|x64.ActiveCfg = Release|x64
		{2057DC5B-0E89-4592-8EB7-4D260CD210CD}.Release|x64.Build.0 = Release|x64
		{2057DC5B-0E89-4592-8EB7-4D260CD210CD}.Release|x86.ActiveCfg = Release|Win32
		{2057DC5B-0E89-4592-8EB7-4D260CD210CD}.Release|x86.Build.0 = Release|Win32
		{2DAEF5F2-9704-4415-B676-D5D57BA2F3B1}.Debug|x64.ActiveCfg = Debug|x64
		{2DAEF5F2-9704-4415-B676-D5D57BA2F3B1}.Debug|x64.Build.0 = Debug|x64
		{2DAEF5F2-9704-4415-B676-D5D57BA2F3B1}.Debug|x86.ActiveCfg = Debug|Win32
		{2DAEF5F2-9704-4415-B676-D5D57BA2F3B1}.Debug|x86.Build.0 = Debug|Win32
		{2DAEF5F2-9704-4415-B676-D5D57BA2F3B1}.Release|x64.ActiveCfg = Release|x64
		{2DAEF5F2-9704-4415-B676-D5D57BA2F3B1}.Release|x64.Build.0 = Release|x64
		{2DAEF5F2-9704-4415-B676-D5D57BA2F3B1}.Release|x86.ActiveCfg = Release|Win32
		{2DAEF5F2-9704-4415-B676-D5D57BA2F3B1}.Release|x86.Build.0 = Release|Win32
		{A92A6F56-26FD-4112-8F89-24721F9136CD}.Debug|x64.ActiveCfg = Debug|x64
		{A92A6F56-26FD-4112-8F89-24721F9136CD}.Debug|x64.Build.0 = Debug|x64
		{A92A6F56-26FD-4112-8F89-24721F9136CD}.Debug|x86.ActiveCfg = Debug|Win32
		{A92A6F56-26FD-4112-8F89-24721F9136CD}.Debug|x86.Build.0 = Debug|Win32
		{A92A6F56-26FD-4112-8F89-24721F9136CD}.Release|x64.ActiveCfg = Release|x64
		{A92A6F56-26FD-4112-8F89-24721F9136CD}.Release|x64.Build.0 = Release|x64
		{A92A6F56-26FD-4112-8F89-24721F9136CD}.Release|x86.ActiveCfg = Release|Win32
		{A92A6F56-26FD-4112-8F89-24721F9136CD}.Release|x86.Build.0 = Release|Win32
		{A0C5AA2E-C2DC-4D48-BBC4-C345A0AB4F94}.Debug|x64.ActiveCfg = Debug|x64
		{A0C5AA2E-C2DC-4D48-BBC4-C345A0AB4F94}.Debug|x64.Build.0 = Debug|x64
		{A0C5AA2E-C2DC-4D48-BBC4-C345A0AB4F94}.Debug|x86.ActiveCfg = Debug|Win32
		{A0C5AA2E-C2DC-4D48-BBC4-C345A0AB4F94}.Debug|x86.Build.0 = Debug|Win32
		{A0C5AA2E-C2DC-4D48-BBC4-C345A0AB4F94}.Release|x64.ActiveCfg = Release|x64
		{A0C5AA2E-C2DC-4D48-BBC4-C345A0AB4F94}.Release|x64.Build.0 = Release|x64
		{A0C5AA2E-C2DC-4D48-BBC4-C345A0AB4F94}.Release|x86.ActiveCfg = Release|Win32
		{A0C5AA2E-C2DC-4D48-BBC4-C345A0AB4F94}.Release|x86.Build.0 = Release|Win32
		{09D7DF8F-E947-472C-922B-9B86327941A5}.Debug|x64.ActiveCfg = Debug|x64
		{09D7DF8F-E947-472C-922B-9B86327941A5}.Debug|x64.Build.0 = Debug|x64
		{09D7DF8F-E947-472C-922B-9B86327941A5}.Debug|x86.ActiveCfg = Debug|Win32
		{09D7DF8F-E947-472C-922B-9B86327941A5}.Debug|x86.Build.0 = Debug|Win32
		{09D7DF8F-E947-472C-922B-9B86327941A5}.Release|x64.ActiveCfg = Release|x64
		{09D7DF8F-E947-472C-922B-9B86327941A5}.Release|x64.Build.0 = Release|x64
		{09D7DF8F-E947-472C-922B-9B86327941A5}.Release|x86.ActiveCfg = Release|Win32
		{09D7DF8F-E947-472C-922B-9B86327941A5}.Release|x86.Build.0 = Release|Win32
	EndGlobalSection
	GlobalSection(SolutionProperties) = preSolution
		HideSolutionNode = FALSE
	EndGlobalSection
	GlobalSection(ExtensibilityGlobals) = postSolution
		SolutionGuid = {E96D6AC3-177A-4D30-ACE8-73439AE412D6}
	EndGlobalSection
EndGlobal
