<?xml version="1.0" encoding="utf-8"?>
<Project ToolsVersion="4.0" xmlns="http://schemas.microsoft.com/developer/msbuild/2003">
  <ItemGroup>
    <Filter Include="Resource Files">
      <UniqueIdentifier>{67DA6AB6-F800-4c08-8B7A-83BB121AAD01}</UniqueIdentifier>
      <Extensions>rc;ico;cur;bmp;dlg;rc2;rct;bin;rgs;gif;jpg;jpeg;jpe;resx;tiff;tif;png;wav;mfcribbon-ms</Extensions>
    </Filter>
    <Filter Include="Header Files">
      <UniqueIdentifier>{46fdad8c-17ee-4664-914d-654d5427e0a1}</UniqueIdentifier>
    </Filter>
    <Filter Include="Source Files">
      <UniqueIdentifier>{fc047202-1b33-4716-b3bd-e69e8f339b49}</UniqueIdentifier>
    </Filter>
  </ItemGroup>
  <ItemGroup>
    <ClInclude Include="..\Assignment 5 Operator Overloading\Double.h">
      <Filter>Header Files</Filter>
    </ClInclude>
    <ClInclude Include="..\Assignment 5 Operator Overloading\Fraction.h">
      <Filter>Header Files</Filter>
    </ClInclude>
    <ClInclude Include="..\Assignment 5 Operator Overloading\Integer.h">
      <Filter>Header Files</Filter>
    </ClInclude>
    <ClInclude Include="..\Assignment 5 Operator Overloading\Menu.h">
      <Filter>Header Files</Filter>
    </ClInclude>
  </ItemGroup>
  <ItemGroup>
    <ClCompile Include="..\Assignment 5 Operator Overloading\Double.cpp">
      <Filter>Source Files</Filter>
    </ClCompile>
    <ClCompile Include="..\Assignment 5 Operator Overloading\Fraction.cpp">
      <Filter>Source Files</Filter>
    </ClCompile>
    <ClCompile Include="..\Assignment 5 Operator Overloading\Integer.cpp">
      <Filter>Source Files</Filter>
    </ClCompile>
    <ClCompile Include="..\Assignment 5 Operator Overloading\main.cpp">
      <Filter>Source Files</Filter>
    </ClCompile>
    <ClCompile Include="..\Assignment 5 Operator Overloading\Menu.cpp">
      <Filter>Source Files</Filter>
    </ClCompile>
  </ItemGroup>
</Project>